[root]
name = "pf_engine"
version = "0.1.0"
dependencies = [
 "enum_primitive 0.1.1 (registry+https://github.com/rust-lang/crates.io-index)",
 "getopts 0.2.14 (registry+https://github.com/rust-lang/crates.io-index)",
 "glium 0.16.0 (registry+https://github.com/rust-lang/crates.io-index)",
 "libusb 0.2.2 (registry+https://github.com/rust-lang/crates.io-index)",
 "matches 0.1.4 (registry+https://github.com/rust-lang/crates.io-index)",
 "num 0.1.36 (registry+https://github.com/rust-lang/crates.io-index)",
 "serde 0.8.23 (registry+https://github.com/rust-lang/crates.io-index)",
 "serde_derive 0.8.23 (registry+https://github.com/rust-lang/crates.io-index)",
 "serde_json 0.8.6 (registry+https://github.com/rust-lang/crates.io-index)",
 "treeflection 0.1.14 (registry+https://github.com/rust-lang/crates.io-index)",
 "treeflection_derive 0.1.10 (registry+https://github.com/rust-lang/crates.io-index)",
 "vulkano 0.3.2 (registry+https://github.com/rust-lang/crates.io-index)",
 "vulkano-shaders 0.3.2 (registry+https://github.com/rust-lang/crates.io-index)",
 "vulkano-win 0.3.2 (registry+https://github.com/rust-lang/crates.io-index)",
 "winit 0.5.10 (registry+https://github.com/rust-lang/crates.io-index)",
]

[[package]]
name = "aho-corasick"
version = "0.5.3"
source = "registry+https://github.com/rust-lang/crates.io-index"
dependencies = [
 "memchr 0.1.11 (registry+https://github.com/rust-lang/crates.io-index)",
]

[[package]]
name = "android_glue"
version = "0.2.1"
source = "registry+https://github.com/rust-lang/crates.io-index"

[[package]]
name = "backtrace"
version = "0.2.3"
source = "registry+https://github.com/rust-lang/crates.io-index"
dependencies = [
 "backtrace-sys 0.1.6 (registry+https://github.com/rust-lang/crates.io-index)",
 "cfg-if 0.1.0 (registry+https://github.com/rust-lang/crates.io-index)",
 "dbghelp-sys 0.2.0 (registry+https://github.com/rust-lang/crates.io-index)",
 "kernel32-sys 0.2.2 (registry+https://github.com/rust-lang/crates.io-index)",
 "libc 0.2.20 (registry+https://github.com/rust-lang/crates.io-index)",
 "rustc-demangle 0.1.3 (registry+https://github.com/rust-lang/crates.io-index)",
 "winapi 0.2.8 (registry+https://github.com/rust-lang/crates.io-index)",
]

[[package]]
name = "backtrace-sys"
version = "0.1.6"
source = "registry+https://github.com/rust-lang/crates.io-index"
dependencies = [
 "gcc 0.3.43 (registry+https://github.com/rust-lang/crates.io-index)",
 "libc 0.2.20 (registry+https://github.com/rust-lang/crates.io-index)",
]

[[package]]
name = "bit-set"
version = "0.2.0"
source = "registry+https://github.com/rust-lang/crates.io-index"
dependencies = [
 "bit-vec 0.4.3 (registry+https://github.com/rust-lang/crates.io-index)",
]

[[package]]
name = "bit-vec"
version = "0.4.3"
source = "registry+https://github.com/rust-lang/crates.io-index"

[[package]]
name = "bitflags"
version = "0.3.3"
source = "registry+https://github.com/rust-lang/crates.io-index"

[[package]]
name = "bitflags"
version = "0.7.0"
source = "registry+https://github.com/rust-lang/crates.io-index"

[[package]]
name = "block"
version = "0.1.6"
source = "registry+https://github.com/rust-lang/crates.io-index"

[[package]]
name = "byteorder"
version = "1.0.0"
source = "registry+https://github.com/rust-lang/crates.io-index"

[[package]]
name = "cfg-if"
version = "0.1.0"
source = "registry+https://github.com/rust-lang/crates.io-index"

[[package]]
name = "cgl"
version = "0.1.5"
source = "registry+https://github.com/rust-lang/crates.io-index"
dependencies = [
 "gleam 0.2.32 (registry+https://github.com/rust-lang/crates.io-index)",
 "libc 0.2.20 (registry+https://github.com/rust-lang/crates.io-index)",
]

[[package]]
name = "cmake"
version = "0.1.20"
source = "registry+https://github.com/rust-lang/crates.io-index"
dependencies = [
 "gcc 0.3.43 (registry+https://github.com/rust-lang/crates.io-index)",
]

[[package]]
name = "cocoa"
version = "0.3.3"
source = "registry+https://github.com/rust-lang/crates.io-index"
dependencies = [
 "bitflags 0.3.3 (registry+https://github.com/rust-lang/crates.io-index)",
 "core-graphics 0.3.2 (registry+https://github.com/rust-lang/crates.io-index)",
 "libc 0.2.20 (registry+https://github.com/rust-lang/crates.io-index)",
 "objc 0.2.2 (registry+https://github.com/rust-lang/crates.io-index)",
]

[[package]]
name = "cocoa"
version = "0.5.2"
source = "registry+https://github.com/rust-lang/crates.io-index"
dependencies = [
 "bitflags 0.7.0 (registry+https://github.com/rust-lang/crates.io-index)",
 "block 0.1.6 (registry+https://github.com/rust-lang/crates.io-index)",
 "core-graphics 0.4.2 (registry+https://github.com/rust-lang/crates.io-index)",
 "libc 0.2.20 (registry+https://github.com/rust-lang/crates.io-index)",
 "objc 0.2.2 (registry+https://github.com/rust-lang/crates.io-index)",
]

[[package]]
name = "core-foundation"
version = "0.2.3"
source = "registry+https://github.com/rust-lang/crates.io-index"
dependencies = [
 "core-foundation-sys 0.2.3 (registry+https://github.com/rust-lang/crates.io-index)",
 "libc 0.2.20 (registry+https://github.com/rust-lang/crates.io-index)",
]

[[package]]
name = "core-foundation-sys"
version = "0.2.3"
source = "registry+https://github.com/rust-lang/crates.io-index"
dependencies = [
 "libc 0.2.20 (registry+https://github.com/rust-lang/crates.io-index)",
]

[[package]]
name = "core-graphics"
version = "0.3.2"
source = "registry+https://github.com/rust-lang/crates.io-index"
dependencies = [
 "core-foundation 0.2.3 (registry+https://github.com/rust-lang/crates.io-index)",
 "libc 0.2.20 (registry+https://github.com/rust-lang/crates.io-index)",
 "serde 0.7.15 (registry+https://github.com/rust-lang/crates.io-index)",
]

[[package]]
name = "core-graphics"
version = "0.4.2"
source = "registry+https://github.com/rust-lang/crates.io-index"
dependencies = [
 "core-foundation 0.2.3 (registry+https://github.com/rust-lang/crates.io-index)",
 "libc 0.2.20 (registry+https://github.com/rust-lang/crates.io-index)",
 "serde 0.8.23 (registry+https://github.com/rust-lang/crates.io-index)",
]

[[package]]
name = "crossbeam"
version = "0.2.10"
source = "registry+https://github.com/rust-lang/crates.io-index"

[[package]]
name = "dbghelp-sys"
version = "0.2.0"
source = "registry+https://github.com/rust-lang/crates.io-index"
dependencies = [
 "winapi 0.2.8 (registry+https://github.com/rust-lang/crates.io-index)",
 "winapi-build 0.1.1 (registry+https://github.com/rust-lang/crates.io-index)",
]

[[package]]
name = "dlib"
version = "0.3.1"
source = "registry+https://github.com/rust-lang/crates.io-index"
dependencies = [
 "libloading 0.3.1 (registry+https://github.com/rust-lang/crates.io-index)",
]

[[package]]
name = "dtoa"
version = "0.2.2"
source = "registry+https://github.com/rust-lang/crates.io-index"

[[package]]
name = "dwmapi-sys"
version = "0.1.0"
source = "registry+https://github.com/rust-lang/crates.io-index"
dependencies = [
 "winapi 0.2.8 (registry+https://github.com/rust-lang/crates.io-index)",
 "winapi-build 0.1.1 (registry+https://github.com/rust-lang/crates.io-index)",
]

[[package]]
name = "enum_primitive"
version = "0.1.1"
source = "registry+https://github.com/rust-lang/crates.io-index"
dependencies = [
 "num-traits 0.1.36 (registry+https://github.com/rust-lang/crates.io-index)",
]

[[package]]
name = "fnv"
version = "1.0.5"
source = "registry+https://github.com/rust-lang/crates.io-index"

[[package]]
name = "fs2"
version = "0.2.5"
source = "registry+https://github.com/rust-lang/crates.io-index"
dependencies = [
 "kernel32-sys 0.2.2 (registry+https://github.com/rust-lang/crates.io-index)",
 "libc 0.2.20 (registry+https://github.com/rust-lang/crates.io-index)",
 "winapi 0.2.8 (registry+https://github.com/rust-lang/crates.io-index)",
]

[[package]]
name = "gcc"
version = "0.3.43"
source = "registry+https://github.com/rust-lang/crates.io-index"

[[package]]
name = "gdi32-sys"
version = "0.1.1"
source = "registry+https://github.com/rust-lang/crates.io-index"
dependencies = [
 "winapi 0.2.8 (registry+https://github.com/rust-lang/crates.io-index)",
]

[[package]]
name = "getopts"
version = "0.2.14"
source = "registry+https://github.com/rust-lang/crates.io-index"

[[package]]
name = "gl_generator"
version = "0.5.2"
source = "registry+https://github.com/rust-lang/crates.io-index"
dependencies = [
 "khronos_api 1.0.0 (registry+https://github.com/rust-lang/crates.io-index)",
 "log 0.3.6 (registry+https://github.com/rust-lang/crates.io-index)",
 "xml-rs 0.3.5 (registry+https://github.com/rust-lang/crates.io-index)",
]

[[package]]
name = "gleam"
version = "0.2.32"
source = "registry+https://github.com/rust-lang/crates.io-index"
dependencies = [
 "gl_generator 0.5.2 (registry+https://github.com/rust-lang/crates.io-index)",
 "pkg-config 0.3.9 (registry+https://github.com/rust-lang/crates.io-index)",
]

[[package]]
name = "glium"
version = "0.16.0"
source = "registry+https://github.com/rust-lang/crates.io-index"
dependencies = [
 "backtrace 0.2.3 (registry+https://github.com/rust-lang/crates.io-index)",
 "fnv 1.0.5 (registry+https://github.com/rust-lang/crates.io-index)",
 "gl_generator 0.5.2 (registry+https://github.com/rust-lang/crates.io-index)",
 "glutin 0.7.4 (registry+https://github.com/rust-lang/crates.io-index)",
 "lazy_static 0.2.2 (registry+https://github.com/rust-lang/crates.io-index)",
 "smallvec 0.1.8 (registry+https://github.com/rust-lang/crates.io-index)",
]

[[package]]
name = "glsl-to-spirv"
version = "0.1.2"
source = "registry+https://github.com/rust-lang/crates.io-index"
dependencies = [
 "cmake 0.1.20 (registry+https://github.com/rust-lang/crates.io-index)",
 "tempdir 0.3.5 (registry+https://github.com/rust-lang/crates.io-index)",
]

[[package]]
name = "glutin"
version = "0.7.4"
source = "registry+https://github.com/rust-lang/crates.io-index"
dependencies = [
 "android_glue 0.2.1 (registry+https://github.com/rust-lang/crates.io-index)",
 "cgl 0.1.5 (registry+https://github.com/rust-lang/crates.io-index)",
 "cocoa 0.3.3 (registry+https://github.com/rust-lang/crates.io-index)",
 "core-foundation 0.2.3 (registry+https://github.com/rust-lang/crates.io-index)",
 "core-graphics 0.3.2 (registry+https://github.com/rust-lang/crates.io-index)",
 "dwmapi-sys 0.1.0 (registry+https://github.com/rust-lang/crates.io-index)",
 "gdi32-sys 0.1.1 (registry+https://github.com/rust-lang/crates.io-index)",
 "gl_generator 0.5.2 (registry+https://github.com/rust-lang/crates.io-index)",
 "kernel32-sys 0.2.2 (registry+https://github.com/rust-lang/crates.io-index)",
 "lazy_static 0.2.2 (registry+https://github.com/rust-lang/crates.io-index)",
 "libc 0.2.20 (registry+https://github.com/rust-lang/crates.io-index)",
 "objc 0.2.2 (registry+https://github.com/rust-lang/crates.io-index)",
 "osmesa-sys 0.1.2 (registry+https://github.com/rust-lang/crates.io-index)",
 "shared_library 0.1.5 (registry+https://github.com/rust-lang/crates.io-index)",
 "shell32-sys 0.1.1 (registry+https://github.com/rust-lang/crates.io-index)",
 "user32-sys 0.1.2 (registry+https://github.com/rust-lang/crates.io-index)",
 "wayland-client 0.7.7 (registry+https://github.com/rust-lang/crates.io-index)",
 "winapi 0.2.8 (registry+https://github.com/rust-lang/crates.io-index)",
 "winit 0.5.10 (registry+https://github.com/rust-lang/crates.io-index)",
 "x11-dl 2.12.0 (registry+https://github.com/rust-lang/crates.io-index)",
]

[[package]]
name = "itoa"
version = "0.1.1"
source = "registry+https://github.com/rust-lang/crates.io-index"

[[package]]
name = "kernel32-sys"
version = "0.2.2"
source = "registry+https://github.com/rust-lang/crates.io-index"
dependencies = [
 "winapi 0.2.8 (registry+https://github.com/rust-lang/crates.io-index)",
 "winapi-build 0.1.1 (registry+https://github.com/rust-lang/crates.io-index)",
]

[[package]]
name = "khronos_api"
version = "1.0.0"
source = "registry+https://github.com/rust-lang/crates.io-index"

[[package]]
name = "lazy_static"
version = "0.2.2"
source = "registry+https://github.com/rust-lang/crates.io-index"

[[package]]
name = "libc"
version = "0.2.20"
source = "registry+https://github.com/rust-lang/crates.io-index"

[[package]]
name = "libloading"
version = "0.3.1"
source = "registry+https://github.com/rust-lang/crates.io-index"
dependencies = [
 "kernel32-sys 0.2.2 (registry+https://github.com/rust-lang/crates.io-index)",
 "lazy_static 0.2.2 (registry+https://github.com/rust-lang/crates.io-index)",
 "target_build_utils 0.1.2 (registry+https://github.com/rust-lang/crates.io-index)",
 "winapi 0.2.8 (registry+https://github.com/rust-lang/crates.io-index)",
]

[[package]]
name = "libusb"
version = "0.2.2"
source = "registry+https://github.com/rust-lang/crates.io-index"
dependencies = [
 "bit-set 0.2.0 (registry+https://github.com/rust-lang/crates.io-index)",
 "libc 0.2.20 (registry+https://github.com/rust-lang/crates.io-index)",
 "libusb-sys 0.2.3 (registry+https://github.com/rust-lang/crates.io-index)",
]

[[package]]
name = "libusb-sys"
version = "0.2.3"
source = "registry+https://github.com/rust-lang/crates.io-index"
dependencies = [
 "libc 0.2.20 (registry+https://github.com/rust-lang/crates.io-index)",
 "pkg-config 0.3.9 (registry+https://github.com/rust-lang/crates.io-index)",
]

[[package]]
name = "log"
version = "0.3.6"
source = "registry+https://github.com/rust-lang/crates.io-index"

[[package]]
name = "malloc_buf"
version = "0.0.6"
source = "registry+https://github.com/rust-lang/crates.io-index"
dependencies = [
 "libc 0.2.20 (registry+https://github.com/rust-lang/crates.io-index)",
]

[[package]]
name = "matches"
version = "0.1.4"
source = "registry+https://github.com/rust-lang/crates.io-index"

[[package]]
name = "memchr"
version = "0.1.11"
source = "registry+https://github.com/rust-lang/crates.io-index"
dependencies = [
 "libc 0.2.20 (registry+https://github.com/rust-lang/crates.io-index)",
]

[[package]]
name = "memmap"
version = "0.4.0"
source = "registry+https://github.com/rust-lang/crates.io-index"
dependencies = [
 "fs2 0.2.5 (registry+https://github.com/rust-lang/crates.io-index)",
 "kernel32-sys 0.2.2 (registry+https://github.com/rust-lang/crates.io-index)",
 "libc 0.2.20 (registry+https://github.com/rust-lang/crates.io-index)",
 "winapi 0.2.8 (registry+https://github.com/rust-lang/crates.io-index)",
]

[[package]]
name = "num"
version = "0.1.36"
source = "registry+https://github.com/rust-lang/crates.io-index"
dependencies = [
 "num-bigint 0.1.35 (registry+https://github.com/rust-lang/crates.io-index)",
 "num-complex 0.1.35 (registry+https://github.com/rust-lang/crates.io-index)",
 "num-integer 0.1.32 (registry+https://github.com/rust-lang/crates.io-index)",
 "num-iter 0.1.32 (registry+https://github.com/rust-lang/crates.io-index)",
 "num-rational 0.1.35 (registry+https://github.com/rust-lang/crates.io-index)",
 "num-traits 0.1.36 (registry+https://github.com/rust-lang/crates.io-index)",
]

[[package]]
name = "num-bigint"
version = "0.1.35"
source = "registry+https://github.com/rust-lang/crates.io-index"
dependencies = [
 "num-integer 0.1.32 (registry+https://github.com/rust-lang/crates.io-index)",
 "num-traits 0.1.36 (registry+https://github.com/rust-lang/crates.io-index)",
 "rand 0.3.15 (registry+https://github.com/rust-lang/crates.io-index)",
 "rustc-serialize 0.3.22 (registry+https://github.com/rust-lang/crates.io-index)",
]

[[package]]
name = "num-complex"
version = "0.1.35"
source = "registry+https://github.com/rust-lang/crates.io-index"
dependencies = [
 "num-traits 0.1.36 (registry+https://github.com/rust-lang/crates.io-index)",
 "rustc-serialize 0.3.22 (registry+https://github.com/rust-lang/crates.io-index)",
]

[[package]]
name = "num-integer"
version = "0.1.32"
source = "registry+https://github.com/rust-lang/crates.io-index"
dependencies = [
 "num-traits 0.1.36 (registry+https://github.com/rust-lang/crates.io-index)",
]

[[package]]
name = "num-iter"
version = "0.1.32"
source = "registry+https://github.com/rust-lang/crates.io-index"
dependencies = [
 "num-integer 0.1.32 (registry+https://github.com/rust-lang/crates.io-index)",
 "num-traits 0.1.36 (registry+https://github.com/rust-lang/crates.io-index)",
]

[[package]]
name = "num-rational"
version = "0.1.35"
source = "registry+https://github.com/rust-lang/crates.io-index"
dependencies = [
 "num-bigint 0.1.35 (registry+https://github.com/rust-lang/crates.io-index)",
 "num-integer 0.1.32 (registry+https://github.com/rust-lang/crates.io-index)",
 "num-traits 0.1.36 (registry+https://github.com/rust-lang/crates.io-index)",
 "rustc-serialize 0.3.22 (registry+https://github.com/rust-lang/crates.io-index)",
]

[[package]]
name = "num-traits"
version = "0.1.36"
source = "registry+https://github.com/rust-lang/crates.io-index"

[[package]]
name = "objc"
version = "0.2.2"
source = "registry+https://github.com/rust-lang/crates.io-index"
dependencies = [
 "malloc_buf 0.0.6 (registry+https://github.com/rust-lang/crates.io-index)",
]

[[package]]
name = "osmesa-sys"
version = "0.1.2"
source = "registry+https://github.com/rust-lang/crates.io-index"
dependencies = [
 "shared_library 0.1.5 (registry+https://github.com/rust-lang/crates.io-index)",
]

[[package]]
name = "phf"
version = "0.7.21"
source = "registry+https://github.com/rust-lang/crates.io-index"
dependencies = [
 "phf_shared 0.7.21 (registry+https://github.com/rust-lang/crates.io-index)",
]

[[package]]
name = "phf_codegen"
version = "0.7.21"
source = "registry+https://github.com/rust-lang/crates.io-index"
dependencies = [
 "phf_generator 0.7.21 (registry+https://github.com/rust-lang/crates.io-index)",
 "phf_shared 0.7.21 (registry+https://github.com/rust-lang/crates.io-index)",
]

[[package]]
name = "phf_generator"
version = "0.7.21"
source = "registry+https://github.com/rust-lang/crates.io-index"
dependencies = [
 "phf_shared 0.7.21 (registry+https://github.com/rust-lang/crates.io-index)",
 "rand 0.3.15 (registry+https://github.com/rust-lang/crates.io-index)",
]

[[package]]
name = "phf_shared"
version = "0.7.21"
source = "registry+https://github.com/rust-lang/crates.io-index"
dependencies = [
 "siphasher 0.2.1 (registry+https://github.com/rust-lang/crates.io-index)",
]

[[package]]
name = "pkg-config"
version = "0.3.9"
source = "registry+https://github.com/rust-lang/crates.io-index"

[[package]]
name = "quote"
version = "0.3.12"
source = "registry+https://github.com/rust-lang/crates.io-index"

[[package]]
name = "rand"
version = "0.3.15"
source = "registry+https://github.com/rust-lang/crates.io-index"
dependencies = [
 "libc 0.2.20 (registry+https://github.com/rust-lang/crates.io-index)",
]

[[package]]
name = "regex"
version = "0.1.80"
source = "registry+https://github.com/rust-lang/crates.io-index"
dependencies = [
 "aho-corasick 0.5.3 (registry+https://github.com/rust-lang/crates.io-index)",
 "memchr 0.1.11 (registry+https://github.com/rust-lang/crates.io-index)",
 "regex-syntax 0.3.9 (registry+https://github.com/rust-lang/crates.io-index)",
 "thread_local 0.2.7 (registry+https://github.com/rust-lang/crates.io-index)",
 "utf8-ranges 0.1.3 (registry+https://github.com/rust-lang/crates.io-index)",
]

[[package]]
name = "regex-syntax"
version = "0.3.9"
source = "registry+https://github.com/rust-lang/crates.io-index"

[[package]]
name = "rustc-demangle"
version = "0.1.3"
source = "registry+https://github.com/rust-lang/crates.io-index"

[[package]]
name = "rustc-serialize"
version = "0.3.22"
source = "registry+https://github.com/rust-lang/crates.io-index"

[[package]]
name = "rustc_version"
version = "0.1.7"
source = "registry+https://github.com/rust-lang/crates.io-index"
dependencies = [
 "semver 0.1.20 (registry+https://github.com/rust-lang/crates.io-index)",
]

[[package]]
name = "semver"
version = "0.1.20"
source = "registry+https://github.com/rust-lang/crates.io-index"

[[package]]
name = "serde"
version = "0.7.15"
source = "registry+https://github.com/rust-lang/crates.io-index"

[[package]]
name = "serde"
version = "0.8.23"
source = "registry+https://github.com/rust-lang/crates.io-index"

[[package]]
name = "serde_codegen"
version = "0.8.23"
source = "registry+https://github.com/rust-lang/crates.io-index"
dependencies = [
 "quote 0.3.12 (registry+https://github.com/rust-lang/crates.io-index)",
 "serde_codegen_internals 0.11.3 (registry+https://github.com/rust-lang/crates.io-index)",
 "syn 0.10.8 (registry+https://github.com/rust-lang/crates.io-index)",
]

[[package]]
name = "serde_codegen_internals"
version = "0.11.3"
source = "registry+https://github.com/rust-lang/crates.io-index"
dependencies = [
 "syn 0.10.8 (registry+https://github.com/rust-lang/crates.io-index)",
]

[[package]]
name = "serde_derive"
version = "0.8.23"
source = "registry+https://github.com/rust-lang/crates.io-index"
dependencies = [
 "serde_codegen 0.8.23 (registry+https://github.com/rust-lang/crates.io-index)",
]

[[package]]
name = "serde_json"
version = "0.8.6"
source = "registry+https://github.com/rust-lang/crates.io-index"
dependencies = [
 "dtoa 0.2.2 (registry+https://github.com/rust-lang/crates.io-index)",
 "itoa 0.1.1 (registry+https://github.com/rust-lang/crates.io-index)",
 "num-traits 0.1.36 (registry+https://github.com/rust-lang/crates.io-index)",
 "serde 0.8.23 (registry+https://github.com/rust-lang/crates.io-index)",
]

[[package]]
name = "shared_library"
version = "0.1.5"
source = "registry+https://github.com/rust-lang/crates.io-index"
dependencies = [
 "lazy_static 0.2.2 (registry+https://github.com/rust-lang/crates.io-index)",
 "libc 0.2.20 (registry+https://github.com/rust-lang/crates.io-index)",
]

[[package]]
name = "shell32-sys"
version = "0.1.1"
source = "registry+https://github.com/rust-lang/crates.io-index"
dependencies = [
 "winapi 0.2.8 (registry+https://github.com/rust-lang/crates.io-index)",
 "winapi-build 0.1.1 (registry+https://github.com/rust-lang/crates.io-index)",
]

[[package]]
name = "siphasher"
version = "0.2.1"
source = "registry+https://github.com/rust-lang/crates.io-index"

[[package]]
name = "smallvec"
version = "0.1.8"
source = "registry+https://github.com/rust-lang/crates.io-index"

[[package]]
name = "smallvec"
version = "0.3.1"
source = "registry+https://github.com/rust-lang/crates.io-index"

[[package]]
name = "syn"
version = "0.10.8"
source = "registry+https://github.com/rust-lang/crates.io-index"
dependencies = [
 "quote 0.3.12 (registry+https://github.com/rust-lang/crates.io-index)",
 "unicode-xid 0.0.4 (registry+https://github.com/rust-lang/crates.io-index)",
]

[[package]]
name = "target_build_utils"
version = "0.1.2"
source = "registry+https://github.com/rust-lang/crates.io-index"
dependencies = [
 "phf 0.7.21 (registry+https://github.com/rust-lang/crates.io-index)",
 "phf_codegen 0.7.21 (registry+https://github.com/rust-lang/crates.io-index)",
 "serde_json 0.8.6 (registry+https://github.com/rust-lang/crates.io-index)",
]

[[package]]
name = "tempdir"
version = "0.3.5"
source = "registry+https://github.com/rust-lang/crates.io-index"
dependencies = [
 "rand 0.3.15 (registry+https://github.com/rust-lang/crates.io-index)",
]

[[package]]
name = "tempfile"
version = "2.1.5"
source = "registry+https://github.com/rust-lang/crates.io-index"
dependencies = [
 "kernel32-sys 0.2.2 (registry+https://github.com/rust-lang/crates.io-index)",
 "libc 0.2.20 (registry+https://github.com/rust-lang/crates.io-index)",
 "rand 0.3.15 (registry+https://github.com/rust-lang/crates.io-index)",
 "rustc_version 0.1.7 (registry+https://github.com/rust-lang/crates.io-index)",
 "winapi 0.2.8 (registry+https://github.com/rust-lang/crates.io-index)",
]

[[package]]
name = "thread-id"
version = "2.0.0"
source = "registry+https://github.com/rust-lang/crates.io-index"
dependencies = [
 "kernel32-sys 0.2.2 (registry+https://github.com/rust-lang/crates.io-index)",
 "libc 0.2.20 (registry+https://github.com/rust-lang/crates.io-index)",
]

[[package]]
name = "thread_local"
version = "0.2.7"
source = "registry+https://github.com/rust-lang/crates.io-index"
dependencies = [
 "thread-id 2.0.0 (registry+https://github.com/rust-lang/crates.io-index)",
]

[[package]]
name = "treeflection"
version = "0.1.14"
source = "registry+https://github.com/rust-lang/crates.io-index"
dependencies = [
 "serde 0.8.23 (registry+https://github.com/rust-lang/crates.io-index)",
 "serde_json 0.8.6 (registry+https://github.com/rust-lang/crates.io-index)",
]

[[package]]
name = "treeflection_derive"
version = "0.1.10"
source = "registry+https://github.com/rust-lang/crates.io-index"
dependencies = [
 "quote 0.3.12 (registry+https://github.com/rust-lang/crates.io-index)",
 "regex 0.1.80 (registry+https://github.com/rust-lang/crates.io-index)",
 "serde 0.8.23 (registry+https://github.com/rust-lang/crates.io-index)",
 "serde_json 0.8.6 (registry+https://github.com/rust-lang/crates.io-index)",
 "syn 0.10.8 (registry+https://github.com/rust-lang/crates.io-index)",
]

[[package]]
name = "unicode-xid"
version = "0.0.4"
source = "registry+https://github.com/rust-lang/crates.io-index"

[[package]]
name = "user32-sys"
version = "0.1.2"
source = "registry+https://github.com/rust-lang/crates.io-index"
dependencies = [
 "winapi 0.2.8 (registry+https://github.com/rust-lang/crates.io-index)",
 "winapi-build 0.1.1 (registry+https://github.com/rust-lang/crates.io-index)",
]

[[package]]
name = "utf8-ranges"
version = "0.1.3"
source = "registry+https://github.com/rust-lang/crates.io-index"

[[package]]
name = "vk-sys"
version = "0.2.2"
source = "registry+https://github.com/rust-lang/crates.io-index"

[[package]]
name = "vulkano"
version = "0.3.2"
source = "registry+https://github.com/rust-lang/crates.io-index"
dependencies = [
 "crossbeam 0.2.10 (registry+https://github.com/rust-lang/crates.io-index)",
 "fnv 1.0.5 (registry+https://github.com/rust-lang/crates.io-index)",
 "lazy_static 0.2.2 (registry+https://github.com/rust-lang/crates.io-index)",
 "shared_library 0.1.5 (registry+https://github.com/rust-lang/crates.io-index)",
 "smallvec 0.3.1 (registry+https://github.com/rust-lang/crates.io-index)",
 "vk-sys 0.2.2 (registry+https://github.com/rust-lang/crates.io-index)",
]

[[package]]
name = "vulkano-shaders"
version = "0.3.2"
source = "registry+https://github.com/rust-lang/crates.io-index"
dependencies = [
 "glsl-to-spirv 0.1.2 (registry+https://github.com/rust-lang/crates.io-index)",
]

[[package]]
name = "vulkano-win"
version = "0.3.2"
source = "registry+https://github.com/rust-lang/crates.io-index"
dependencies = [
 "vulkano 0.3.2 (registry+https://github.com/rust-lang/crates.io-index)",
 "winit 0.5.10 (registry+https://github.com/rust-lang/crates.io-index)",
]

[[package]]
name = "wayland-client"
version = "0.7.7"
source = "registry+https://github.com/rust-lang/crates.io-index"
dependencies = [
 "bitflags 0.7.0 (registry+https://github.com/rust-lang/crates.io-index)",
 "libc 0.2.20 (registry+https://github.com/rust-lang/crates.io-index)",
 "wayland-scanner 0.7.7 (registry+https://github.com/rust-lang/crates.io-index)",
 "wayland-sys 0.7.7 (registry+https://github.com/rust-lang/crates.io-index)",
]

[[package]]
name = "wayland-kbd"
version = "0.6.3"
source = "registry+https://github.com/rust-lang/crates.io-index"
dependencies = [
 "bitflags 0.7.0 (registry+https://github.com/rust-lang/crates.io-index)",
 "dlib 0.3.1 (registry+https://github.com/rust-lang/crates.io-index)",
 "lazy_static 0.2.2 (registry+https://github.com/rust-lang/crates.io-index)",
 "memmap 0.4.0 (registry+https://github.com/rust-lang/crates.io-index)",
 "wayland-client 0.7.7 (registry+https://github.com/rust-lang/crates.io-index)",
]

[[package]]
name = "wayland-scanner"
version = "0.7.7"
source = "registry+https://github.com/rust-lang/crates.io-index"
dependencies = [
 "xml-rs 0.3.5 (registry+https://github.com/rust-lang/crates.io-index)",
]

[[package]]
name = "wayland-sys"
version = "0.7.7"
source = "registry+https://github.com/rust-lang/crates.io-index"
dependencies = [
 "dlib 0.3.1 (registry+https://github.com/rust-lang/crates.io-index)",
 "lazy_static 0.2.2 (registry+https://github.com/rust-lang/crates.io-index)",
]

[[package]]
name = "wayland-window"
version = "0.4.4"
source = "registry+https://github.com/rust-lang/crates.io-index"
dependencies = [
 "byteorder 1.0.0 (registry+https://github.com/rust-lang/crates.io-index)",
 "tempfile 2.1.5 (registry+https://github.com/rust-lang/crates.io-index)",
 "wayland-client 0.7.7 (registry+https://github.com/rust-lang/crates.io-index)",
]

[[package]]
name = "winapi"
version = "0.2.8"
source = "registry+https://github.com/rust-lang/crates.io-index"

[[package]]
name = "winapi-build"
version = "0.1.1"
source = "registry+https://github.com/rust-lang/crates.io-index"

[[package]]
name = "winit"
version = "0.5.10"
source = "registry+https://github.com/rust-lang/crates.io-index"
dependencies = [
 "android_glue 0.2.1 (registry+https://github.com/rust-lang/crates.io-index)",
 "cgl 0.1.5 (registry+https://github.com/rust-lang/crates.io-index)",
 "cocoa 0.5.2 (registry+https://github.com/rust-lang/crates.io-index)",
 "core-foundation 0.2.3 (registry+https://github.com/rust-lang/crates.io-index)",
 "core-graphics 0.4.2 (registry+https://github.com/rust-lang/crates.io-index)",
 "dwmapi-sys 0.1.0 (registry+https://github.com/rust-lang/crates.io-index)",
 "gdi32-sys 0.1.1 (registry+https://github.com/rust-lang/crates.io-index)",
 "kernel32-sys 0.2.2 (registry+https://github.com/rust-lang/crates.io-index)",
 "lazy_static 0.2.2 (registry+https://github.com/rust-lang/crates.io-index)",
 "libc 0.2.20 (registry+https://github.com/rust-lang/crates.io-index)",
 "objc 0.2.2 (registry+https://github.com/rust-lang/crates.io-index)",
 "shared_library 0.1.5 (registry+https://github.com/rust-lang/crates.io-index)",
 "shell32-sys 0.1.1 (registry+https://github.com/rust-lang/crates.io-index)",
 "user32-sys 0.1.2 (registry+https://github.com/rust-lang/crates.io-index)",
 "wayland-client 0.7.7 (registry+https://github.com/rust-lang/crates.io-index)",
 "wayland-kbd 0.6.3 (registry+https://github.com/rust-lang/crates.io-index)",
 "wayland-window 0.4.4 (registry+https://github.com/rust-lang/crates.io-index)",
 "winapi 0.2.8 (registry+https://github.com/rust-lang/crates.io-index)",
 "x11-dl 2.12.0 (registry+https://github.com/rust-lang/crates.io-index)",
]

[[package]]
name = "x11-dl"
version = "2.12.0"
source = "registry+https://github.com/rust-lang/crates.io-index"
dependencies = [
 "lazy_static 0.2.2 (registry+https://github.com/rust-lang/crates.io-index)",
 "libc 0.2.20 (registry+https://github.com/rust-lang/crates.io-index)",
 "pkg-config 0.3.9 (registry+https://github.com/rust-lang/crates.io-index)",
]

[[package]]
name = "xml-rs"
version = "0.3.5"
source = "registry+https://github.com/rust-lang/crates.io-index"
dependencies = [
 "bitflags 0.7.0 (registry+https://github.com/rust-lang/crates.io-index)",
]

[metadata]
"checksum aho-corasick 0.5.3 (registry+https://github.com/rust-lang/crates.io-index)" = "ca972c2ea5f742bfce5687b9aef75506a764f61d37f8f649047846a9686ddb66"
"checksum android_glue 0.2.1 (registry+https://github.com/rust-lang/crates.io-index)" = "7e2b80445d331077679dfc6f3014f3e9ab7083e588423d35041d3fc017198189"
"checksum backtrace 0.2.3 (registry+https://github.com/rust-lang/crates.io-index)" = "346d7644f0b5f9bc73082d3b2236b69a05fd35cce0cfa3724e184e6a5c9e2a2f"
"checksum backtrace-sys 0.1.6 (registry+https://github.com/rust-lang/crates.io-index)" = "a81b49c3aa114aa4d951a12d9e32e27809405c369efef2a75aac70efb1176fae"
"checksum bit-set 0.2.0 (registry+https://github.com/rust-lang/crates.io-index)" = "e6e1e6fb1c9e3d6fcdec57216a74eaa03e41f52a22f13a16438251d8e88b89da"
"checksum bit-vec 0.4.3 (registry+https://github.com/rust-lang/crates.io-index)" = "5b97c2c8e8bbb4251754f559df8af22fb264853c7d009084a576cdf12565089d"
"checksum bitflags 0.3.3 (registry+https://github.com/rust-lang/crates.io-index)" = "32866f4d103c4e438b1db1158aa1b1a80ee078e5d77a59a2f906fd62a577389c"
"checksum bitflags 0.7.0 (registry+https://github.com/rust-lang/crates.io-index)" = "aad18937a628ec6abcd26d1489012cc0e18c21798210f491af69ded9b881106d"
"checksum block 0.1.6 (registry+https://github.com/rust-lang/crates.io-index)" = "0d8c1fef690941d3e7788d328517591fecc684c084084702d6ff1641e993699a"
"checksum byteorder 1.0.0 (registry+https://github.com/rust-lang/crates.io-index)" = "c40977b0ee6b9885c9013cd41d9feffdd22deb3bb4dc3a71d901cc7a77de18c8"
"checksum cfg-if 0.1.0 (registry+https://github.com/rust-lang/crates.io-index)" = "de1e760d7b6535af4241fca8bd8adf68e2e7edacc6b29f5d399050c5e48cf88c"
"checksum cgl 0.1.5 (registry+https://github.com/rust-lang/crates.io-index)" = "8bdd78cca65a739cb5475dbf6b6bbb49373e327f4a6f2b499c0f98632df38c10"
"checksum cmake 0.1.20 (registry+https://github.com/rust-lang/crates.io-index)" = "a3a6805df695087e7c1bcd9a82e03ad6fb864c8e67ac41b1348229ce5b7f0407"
"checksum cocoa 0.3.3 (registry+https://github.com/rust-lang/crates.io-index)" = "3afe4613f57a171039a98db1773f5840b5743cf85aaf03afb65ddfade4f4a9db"
"checksum cocoa 0.5.2 (registry+https://github.com/rust-lang/crates.io-index)" = "1e1be5fd98bb7e8ef0eea233a4984f4e85ecdcfa002a90b8b12b7a20faf44dc1"
"checksum core-foundation 0.2.3 (registry+https://github.com/rust-lang/crates.io-index)" = "25bfd746d203017f7d5cbd31ee5d8e17f94b6521c7af77ece6c9e4b2d4b16c67"
"checksum core-foundation-sys 0.2.3 (registry+https://github.com/rust-lang/crates.io-index)" = "065a5d7ffdcbc8fa145d6f0746f3555025b9097a9e9cda59f7467abae670c78d"
"checksum core-graphics 0.3.2 (registry+https://github.com/rust-lang/crates.io-index)" = "0c56c6022ba22aedbaa7d231be545778becbe1c7aceda4c82ba2f2084dd4c723"
"checksum core-graphics 0.4.2 (registry+https://github.com/rust-lang/crates.io-index)" = "66e998abb8823fecd2a8a7205429b17a340d447d8c69b3bce86846dcdea3e33b"
"checksum crossbeam 0.2.10 (registry+https://github.com/rust-lang/crates.io-index)" = "0c5ea215664ca264da8a9d9c3be80d2eaf30923c259d03e870388eb927508f97"
"checksum dbghelp-sys 0.2.0 (registry+https://github.com/rust-lang/crates.io-index)" = "97590ba53bcb8ac28279161ca943a924d1fd4a8fb3fa63302591647c4fc5b850"
"checksum dlib 0.3.1 (registry+https://github.com/rust-lang/crates.io-index)" = "148bce4ce1c36c4509f29cb54e62c2bd265551a9b00b38070fad551a851866ec"
"checksum dtoa 0.2.2 (registry+https://github.com/rust-lang/crates.io-index)" = "0dd841b58510c9618291ffa448da2e4e0f699d984d436122372f446dae62263d"
"checksum dwmapi-sys 0.1.0 (registry+https://github.com/rust-lang/crates.io-index)" = "07c4c7cc7b396419bc0a4d90371d0cee16cb5053b53647d287c0b728000c41fe"
"checksum enum_primitive 0.1.1 (registry+https://github.com/rust-lang/crates.io-index)" = "be4551092f4d519593039259a9ed8daedf0da12e5109c5280338073eaeb81180"
"checksum fnv 1.0.5 (registry+https://github.com/rust-lang/crates.io-index)" = "6cc484842f1e2884faf56f529f960cc12ad8c71ce96cc7abba0a067c98fee344"
"checksum fs2 0.2.5 (registry+https://github.com/rust-lang/crates.io-index)" = "bcd414e5a1a979b931bb92f41b7a54106d3f6d2e6c253e9ce943b7cd468251ef"
"checksum gcc 0.3.43 (registry+https://github.com/rust-lang/crates.io-index)" = "c07c758b972368e703a562686adb39125707cc1ef3399da8c019fc6c2498a75d"
"checksum gdi32-sys 0.1.1 (registry+https://github.com/rust-lang/crates.io-index)" = "65256ec4dc2592e6f05bfc1ca3b956a4e0698aa90b1dff1f5687d55a5a3fd59a"
"checksum getopts 0.2.14 (registry+https://github.com/rust-lang/crates.io-index)" = "d9047cfbd08a437050b363d35ef160452c5fe8ea5187ae0a624708c91581d685"
"checksum gl_generator 0.5.2 (registry+https://github.com/rust-lang/crates.io-index)" = "f1d8edc81c5ae84605a62f5dac661a2313003b26d59839f81d47d46cf0f16a55"
"checksum gleam 0.2.32 (registry+https://github.com/rust-lang/crates.io-index)" = "9590e0e578d528a080c5abac678e7efbe349a73c7316faafd4073edf5f462d01"
"checksum glium 0.16.0 (registry+https://github.com/rust-lang/crates.io-index)" = "7c468bf7855f25954a1140f066ebacc1ad5342fd33bf96be28e184c084176f11"
"checksum glsl-to-spirv 0.1.2 (registry+https://github.com/rust-lang/crates.io-index)" = "c09668e31967e7a9f98f3980d5790ed004a837fb5614efe83679f1704226c531"
"checksum glutin 0.7.4 (registry+https://github.com/rust-lang/crates.io-index)" = "1f95cc9a8363627259b4a25db878eb5b1a159857bc41f525412302fa9de0f12b"
"checksum itoa 0.1.1 (registry+https://github.com/rust-lang/crates.io-index)" = "ae3088ea4baeceb0284ee9eea42f591226e6beaecf65373e41b38d95a1b8e7a1"
"checksum kernel32-sys 0.2.2 (registry+https://github.com/rust-lang/crates.io-index)" = "7507624b29483431c0ba2d82aece8ca6cdba9382bff4ddd0f7490560c056098d"
"checksum khronos_api 1.0.0 (registry+https://github.com/rust-lang/crates.io-index)" = "09c9d3760673c427d46f91a0350f0a84a52e6bc5a84adf26dc610b6c52436630"
"checksum lazy_static 0.2.2 (registry+https://github.com/rust-lang/crates.io-index)" = "6abe0ee2e758cd6bc8a2cd56726359007748fbf4128da998b65d0b70f881e19b"
"checksum libc 0.2.20 (registry+https://github.com/rust-lang/crates.io-index)" = "684f330624d8c3784fb9558ca46c4ce488073a8d22450415c5eb4f4cfb0d11b5"
"checksum libloading 0.3.1 (registry+https://github.com/rust-lang/crates.io-index)" = "84816a8c6ed8163dfe0dbdd2b09d35c6723270ea77a4c7afa4bedf038a36cb99"
"checksum libusb 0.2.2 (registry+https://github.com/rust-lang/crates.io-index)" = "f38eb620256e07f563e50d2b0b7efaa35bef4de6b8fedf50066c4fe24ce8a89d"
"checksum libusb-sys 0.2.3 (registry+https://github.com/rust-lang/crates.io-index)" = "4c53b6582563d64ad3e692f54ef95239c3ea8069e82c9eb70ca948869a7ad767"
"checksum log 0.3.6 (registry+https://github.com/rust-lang/crates.io-index)" = "ab83497bf8bf4ed2a74259c1c802351fcd67a65baa86394b6ba73c36f4838054"
"checksum malloc_buf 0.0.6 (registry+https://github.com/rust-lang/crates.io-index)" = "62bb907fe88d54d8d9ce32a3cceab4218ed2f6b7d35617cafe9adf84e43919cb"
"checksum matches 0.1.4 (registry+https://github.com/rust-lang/crates.io-index)" = "efd7622e3022e1a6eaa602c4cea8912254e5582c9c692e9167714182244801b1"
"checksum memchr 0.1.11 (registry+https://github.com/rust-lang/crates.io-index)" = "d8b629fb514376c675b98c1421e80b151d3817ac42d7c667717d282761418d20"
"checksum memmap 0.4.0 (registry+https://github.com/rust-lang/crates.io-index)" = "69253224aa10070855ea8fe9dbe94a03fc2b1d7930bb340c9e586a7513716fea"
"checksum num 0.1.36 (registry+https://github.com/rust-lang/crates.io-index)" = "bde7c03b09e7c6a301ee81f6ddf66d7a28ec305699e3d3b056d2fc56470e3120"
"checksum num-bigint 0.1.35 (registry+https://github.com/rust-lang/crates.io-index)" = "88b14378471f7c2adc5262f05b4701ef53e8da376453a8d8fee48e51db745e49"
"checksum num-complex 0.1.35 (registry+https://github.com/rust-lang/crates.io-index)" = "f0c78e054dd19c3fd03419ade63fa661e9c49bb890ce3beb4eee5b7baf93f92f"
"checksum num-integer 0.1.32 (registry+https://github.com/rust-lang/crates.io-index)" = "fb24d9bfb3f222010df27995441ded1e954f8f69cd35021f6bef02ca9552fb92"
"checksum num-iter 0.1.32 (registry+https://github.com/rust-lang/crates.io-index)" = "287a1c9969a847055e1122ec0ea7a5c5d6f72aad97934e131c83d5c08ab4e45c"
"checksum num-rational 0.1.35 (registry+https://github.com/rust-lang/crates.io-index)" = "54ff603b8334a72fbb27fe66948aac0abaaa40231b3cecd189e76162f6f38aaf"
"checksum num-traits 0.1.36 (registry+https://github.com/rust-lang/crates.io-index)" = "a16a42856a256b39c6d3484f097f6713e14feacd9bfb02290917904fae46c81c"
"checksum objc 0.2.2 (registry+https://github.com/rust-lang/crates.io-index)" = "877f30f37acef6749b1841cceab289707f211aecfc756553cd63976190e6cc2e"
"checksum osmesa-sys 0.1.2 (registry+https://github.com/rust-lang/crates.io-index)" = "88cfece6e95d2e717e0872a7f53a8684712ad13822a7979bc760b9c77ec0013b"
"checksum phf 0.7.21 (registry+https://github.com/rust-lang/crates.io-index)" = "cb325642290f28ee14d8c6201159949a872f220c62af6e110a56ea914fbe42fc"
"checksum phf_codegen 0.7.21 (registry+https://github.com/rust-lang/crates.io-index)" = "d62594c0bb54c464f633175d502038177e90309daf2e0158be42ed5f023ce88f"
"checksum phf_generator 0.7.21 (registry+https://github.com/rust-lang/crates.io-index)" = "6b07ffcc532ccc85e3afc45865469bf5d9e4ef5bfcf9622e3cfe80c2d275ec03"
"checksum phf_shared 0.7.21 (registry+https://github.com/rust-lang/crates.io-index)" = "07e24b0ca9643bdecd0632f2b3da6b1b89bbb0030e0b992afc1113b23a7bc2f2"
"checksum pkg-config 0.3.9 (registry+https://github.com/rust-lang/crates.io-index)" = "3a8b4c6b8165cd1a1cd4b9b120978131389f64bdaf456435caa41e630edba903"
"checksum quote 0.3.12 (registry+https://github.com/rust-lang/crates.io-index)" = "e7b44fd83db28b83c1c58187159934906e5e955c812e211df413b76b03c909a5"
"checksum rand 0.3.15 (registry+https://github.com/rust-lang/crates.io-index)" = "022e0636ec2519ddae48154b028864bdce4eaf7d35226ab8e65c611be97b189d"
"checksum regex 0.1.80 (registry+https://github.com/rust-lang/crates.io-index)" = "4fd4ace6a8cf7860714a2c2280d6c1f7e6a413486c13298bbc86fd3da019402f"
"checksum regex-syntax 0.3.9 (registry+https://github.com/rust-lang/crates.io-index)" = "f9ec002c35e86791825ed294b50008eea9ddfc8def4420124fbc6b08db834957"
"checksum rustc-demangle 0.1.3 (registry+https://github.com/rust-lang/crates.io-index)" = "1430d286cadb237c17c885e25447c982c97113926bb579f4379c0eca8d9586dc"
"checksum rustc-serialize 0.3.22 (registry+https://github.com/rust-lang/crates.io-index)" = "237546c689f20bb44980270c73c3b9edd0891c1be49cc1274406134a66d3957b"
"checksum rustc_version 0.1.7 (registry+https://github.com/rust-lang/crates.io-index)" = "c5f5376ea5e30ce23c03eb77cbe4962b988deead10910c372b226388b594c084"
"checksum semver 0.1.20 (registry+https://github.com/rust-lang/crates.io-index)" = "d4f410fedcf71af0345d7607d246e7ad15faaadd49d240ee3b24e5dc21a820ac"
"checksum serde 0.7.15 (registry+https://github.com/rust-lang/crates.io-index)" = "1b0e0732aa8ec4267f61815a396a942ba3525062e3bd5520aa8419927cfc0a92"
"checksum serde 0.8.23 (registry+https://github.com/rust-lang/crates.io-index)" = "9dad3f759919b92c3068c696c15c3d17238234498bbdcc80f2c469606f948ac8"
"checksum serde_codegen 0.8.23 (registry+https://github.com/rust-lang/crates.io-index)" = "a4c5d8a33087d8984f9535daa62a6498a08f6476050b00ab9339dd847e4c25cc"
"checksum serde_codegen_internals 0.11.3 (registry+https://github.com/rust-lang/crates.io-index)" = "afad7924a009f859f380e4a2e3a509a845c2ac66435fcead74a4d983b21ae806"
"checksum serde_derive 0.8.23 (registry+https://github.com/rust-lang/crates.io-index)" = "ce44e5f4264b39e9d29c875357b7cc3ebdfb967bb9e22bfb5e44ffa400af5306"
"checksum serde_json 0.8.6 (registry+https://github.com/rust-lang/crates.io-index)" = "67f7d2e9edc3523a9c8ec8cd6ec481b3a27810aafee3e625d311febd3e656b4c"
"checksum shared_library 0.1.5 (registry+https://github.com/rust-lang/crates.io-index)" = "fb04126b6fcfd2710fb5b6d18f4207b6c535f2850a7e1a43bcd526d44f30a79a"
"checksum shell32-sys 0.1.1 (registry+https://github.com/rust-lang/crates.io-index)" = "72f20b8f3c060374edb8046591ba28f62448c369ccbdc7b02075103fb3a9e38d"
"checksum siphasher 0.2.1 (registry+https://github.com/rust-lang/crates.io-index)" = "2ffc669b726f2bc9a3bcff66e5e23b56ba6bf70e22a34c3d7b6d0b3450b65b84"
"checksum smallvec 0.1.8 (registry+https://github.com/rust-lang/crates.io-index)" = "fcc8d19212aacecf95e4a7a2179b26f7aeb9732a915cf01f05b0d3e044865410"
"checksum smallvec 0.3.1 (registry+https://github.com/rust-lang/crates.io-index)" = "3a3c84984c278afe61a46e19868e8b23e2ee3be5b3cc6dea6edad4893bc6c841"
"checksum syn 0.10.8 (registry+https://github.com/rust-lang/crates.io-index)" = "58fd09df59565db3399efbba34ba8a2fec1307511ebd245d0061ff9d42691673"
"checksum target_build_utils 0.1.2 (registry+https://github.com/rust-lang/crates.io-index)" = "54c550e226618cd35334b75e92bfa5437c61474bdb75c38bf330ab5a8037b77c"
"checksum tempdir 0.3.5 (registry+https://github.com/rust-lang/crates.io-index)" = "87974a6f5c1dfb344d733055601650059a3363de2a6104819293baff662132d6"
"checksum tempfile 2.1.5 (registry+https://github.com/rust-lang/crates.io-index)" = "3213fd2b7ed87e39306737ccfac04b1233b57a33ca64cfbf52f2ffaa2b765e2f"
"checksum thread-id 2.0.0 (registry+https://github.com/rust-lang/crates.io-index)" = "a9539db560102d1cef46b8b78ce737ff0bb64e7e18d35b2a5688f7d097d0ff03"
"checksum thread_local 0.2.7 (registry+https://github.com/rust-lang/crates.io-index)" = "8576dbbfcaef9641452d5cf0df9b0e7eeab7694956dd33bb61515fb8f18cfdd5"
"checksum treeflection 0.1.14 (registry+https://github.com/rust-lang/crates.io-index)" = "ed057af34ac2c6948cdc2c0acf02b0b413331a9f53938d9a4ceba4cc85c2f325"
"checksum treeflection_derive 0.1.10 (registry+https://github.com/rust-lang/crates.io-index)" = "309356629ef7926010ad868c1b013f8ab0f5d10f0375d07481e352c1791dcf15"
"checksum unicode-xid 0.0.4 (registry+https://github.com/rust-lang/crates.io-index)" = "8c1f860d7d29cf02cb2f3f359fd35991af3d30bac52c57d265a3c461074cb4dc"
"checksum user32-sys 0.1.2 (registry+https://github.com/rust-lang/crates.io-index)" = "6717129de5ac253f5642fc78a51d0c7de6f9f53d617fc94e9bae7f6e71cf5504"
"checksum utf8-ranges 0.1.3 (registry+https://github.com/rust-lang/crates.io-index)" = "a1ca13c08c41c9c3e04224ed9ff80461d97e121589ff27c753a16cb10830ae0f"
"checksum vk-sys 0.2.2 (registry+https://github.com/rust-lang/crates.io-index)" = "e9512119710cd6e1da8c5b6d38202efec285a4a4a155644afce00db47850d603"
"checksum vulkano 0.3.2 (registry+https://github.com/rust-lang/crates.io-index)" = "242fd31cbf7398858d41e000ce6388ae3cbced732a2a9ce2a25473374042fc08"
"checksum vulkano-shaders 0.3.2 (registry+https://github.com/rust-lang/crates.io-index)" = "078e723a4fc7f64c33872be7fd26157442c1b76d492c24b39ce4b5b52ed1e8ac"
"checksum vulkano-win 0.3.2 (registry+https://github.com/rust-lang/crates.io-index)" = "a9e8cd0893f9e85e0324d83f98011895dfdd1f941f3f777446fadab2bd4299c3"
"checksum wayland-client 0.7.7 (registry+https://github.com/rust-lang/crates.io-index)" = "56aa8770e096de864dbd0e7917521b49f6aad6bf3cb8010eeeef814a55a9a5ea"
"checksum wayland-kbd 0.6.3 (registry+https://github.com/rust-lang/crates.io-index)" = "2b4b69d43d6cce82d95a2c5e81605abd1fa4783bf49d09cd85aa092f16081ef1"
"checksum wayland-scanner 0.7.7 (registry+https://github.com/rust-lang/crates.io-index)" = "59099a55704b56dbe82dff653833113dc470a1c0275a3b7a06c318311f68c3a3"
"checksum wayland-sys 0.7.7 (registry+https://github.com/rust-lang/crates.io-index)" = "59a9c0966ef8b13db9a455188b2b56e0e50ea0d574bcc78df706520ef2f9228a"
"checksum wayland-window 0.4.4 (registry+https://github.com/rust-lang/crates.io-index)" = "7595fbe537dee3a380f32104ddfcf2f43db8cb8843031531e1426eb524d1c608"
"checksum winapi 0.2.8 (registry+https://github.com/rust-lang/crates.io-index)" = "167dc9d6949a9b857f3451275e911c3f44255842c1f7a76f33c55103a909087a"
"checksum winapi-build 0.1.1 (registry+https://github.com/rust-lang/crates.io-index)" = "2d315eee3b34aca4797b2da6b13ed88266e6d612562a0c46390af8299fc699bc"
"checksum winit 0.5.10 (registry+https://github.com/rust-lang/crates.io-index)" = "c7f78711af1aa814473a886a67eb582f4b16225b9e3e899672559309829f1e04"
"checksum x11-dl 2.12.0 (registry+https://github.com/rust-lang/crates.io-index)" = "bf1f9986368c9bbdd8191a783a7ceb42e0c9c6d3348616c873f829b3288a139c"
"checksum xml-rs 0.3.5 (registry+https://github.com/rust-lang/crates.io-index)" = "f2b15eed12692bd59d15e98ee7f8dc8408465b992d8ddb4d1672c24865132ec7"
